<?xml version="1.0" encoding="utf-8"?>
<Project ToolsVersion="14.0" xmlns="http://schemas.microsoft.com/developer/msbuild/2003">
  <ItemGroup>
    <ClCompile Include="..\..\..\jsoncpp\src\lib_json\json_reader.cpp">
      <Filter>Source Files</Filter>
    </ClCompile>
    <ClCompile Include="..\..\..\jsoncpp\src\lib_json\json_value.cpp">
      <Filter>Source Files</Filter>
    </ClCompile>
    <ClCompile Include="..\..\..\jsoncpp\src\lib_json\json_writer.cpp">
      <Filter>Source Files</Filter>
    </ClCompile>
  </ItemGroup>
  <ItemGroup>
    <ClInclude Include="..\..\..\jsoncpp\include\json\config.h">
      <Filter>Public API</Filter>
    </ClInclude>
    <ClInclude Include="..\..\..\jsoncpp\include\json\forwards.h">
      <Filter>Public API</Filter>
    </ClInclude>
    <ClInclude Include="..\..\..\jsoncpp\include\json\features.h">
      <Filter>Public API</Filter>
    </ClInclude>
    <ClInclude Include="..\..\..\jsoncpp\include\json\value.h">
      <Filter>Public API</Filter>
    </ClInclude>
    <ClInclude Include="..\..\..\jsoncpp\include\json\reader.h">
      <Filter>Public API</Filter>
    </ClInclude>
    <ClInclude Include="..\..\..\jsoncpp\include\json\writer.h">
      <Filter>Public API</Filter>
    </ClInclude>
    <ClInclude Include="..\..\..\jsoncpp\include\json\assertions.h">
      <Filter>Public API</Filter>
    </ClInclude>
    <ClInclude Include="..\..\..\jsoncpp\include\json\version.h">
      <Filter>Public API</Filter>
    </ClInclude>
    <ClInclude Include="..\..\..\jsoncpp\src\lib_json\json_tool.h">
      <Filter>Header Files</Filter>
    </ClInclude>
    <ClInclude Include="..\..\..\jsoncpp\src\lib_json\json_valueiterator.inl">
      <Filter>Header Files</Filter>
    </ClInclude>
    <ClInclude Include="..\..\..\jsoncpp\src\lib_json\version.h.in">
      <Filter>Header Files</Filter>
    </ClInclude>
  </ItemGroup>
  <ItemGroup>
    <Filter Include="Header Files">
      <UniqueIdentifier>{4570D038-23AF-3DC1-8CE0-E0A01B8E3517}</UniqueIdentifier>
    </Filter>
    <Filter Include="Public API">
      <UniqueIdentifier>{205145C3-A641-3644-8D15-CF630C2ABA64}</UniqueIdentifier>
    </Filter>
    <Filter Include="Source Files">
      <UniqueIdentifier>{92493AB1-8878-3CE2-A5B1-7E19FE638C5A}</UniqueIdentifier>
    </Filter>
  </ItemGroup>
</Project>